{
  "nodes": {
    "blink-pairs": {
      "inputs": {
        "fenix": "fenix",
        "flake-parts": "flake-parts",
        "nixpkgs": "nixpkgs"
      },
      "locked": {
        "lastModified": 1757108414,
        "narHash": "sha256-0S8/MQLpnYmwEIqWCU6TBr/NibagfaWkqMOTv7He2Zg=",
        "owner": "Saghen",
        "repo": "blink.pairs",
        "rev": "c2d4030c10e6628de159cbac79a32a70ad746290",
        "type": "github"
      },
      "original": {
        "owner": "Saghen",
        "repo": "blink.pairs",
        "type": "github"
      }
    },
    "fenix": {
      "inputs": {
        "nixpkgs": [
          "blink-pairs",
          "nixpkgs"
        ],
        "rust-analyzer-src": "rust-analyzer-src"
      },
      "locked": {
        "lastModified": 1742452566,
        "narHash": "sha256-sVuLDQ2UIWfXUBbctzrZrXM2X05YjX08K7XHMztt36E=",
        "owner": "nix-community",
        "repo": "fenix",
        "rev": "7d9ba794daf5e8cc7ee728859bc688d8e26d5f06",
        "type": "github"
      },
      "original": {
        "owner": "nix-community",
        "repo": "fenix",
        "type": "github"
      }
    },
    "flake-compat": {
      "flake": false,
      "locked": {
        "lastModified": 1747046372,
        "narHash": "sha256-CIVLLkVgvHYbgI2UpXvIIBJ12HWgX+fjA8Xf8PUmqCY=",
        "owner": "edolstra",
        "repo": "flake-compat",
        "rev": "9100a0f413b0c601e0533d1d94ffd501ce2e7885",
        "type": "github"
      },
      "original": {
        "owner": "edolstra",
        "repo": "flake-compat",
        "type": "github"
      }
    },
    "flake-compat_2": {
      "flake": false,
      "locked": {
        "lastModified": 1747046372,
        "narHash": "sha256-CIVLLkVgvHYbgI2UpXvIIBJ12HWgX+fjA8Xf8PUmqCY=",
        "owner": "edolstra",
        "repo": "flake-compat",
        "rev": "9100a0f413b0c601e0533d1d94ffd501ce2e7885",
        "type": "github"
      },
      "original": {
        "owner": "edolstra",
        "repo": "flake-compat",
        "type": "github"
      }
    },
    "flake-parts": {
      "inputs": {
        "nixpkgs-lib": "nixpkgs-lib"
      },
      "locked": {
        "lastModified": 1741352980,
        "narHash": "sha256-+u2UunDA4Cl5Fci3m7S643HzKmIDAe+fiXrLqYsR2fs=",
        "owner": "hercules-ci",
        "repo": "flake-parts",
        "rev": "f4330d22f1c5d2ba72d3d22df5597d123fdb60a9",
        "type": "github"
      },
      "original": {
        "owner": "hercules-ci",
        "repo": "flake-parts",
        "type": "github"
      }
    },
    "flake-parts_2": {
      "inputs": {
        "nixpkgs-lib": [
          "neovim-nightly-overlay",
          "nixpkgs"
        ]
      },
      "locked": {
        "lastModified": 1756770412,
        "narHash": "sha256-+uWLQZccFHwqpGqr2Yt5VsW/PbeJVTn9Dk6SHWhNRPw=",
        "owner": "hercules-ci",
        "repo": "flake-parts",
        "rev": "4524271976b625a4a605beefd893f270620fd751",
        "type": "github"
      },
      "original": {
        "owner": "hercules-ci",
        "repo": "flake-parts",
        "type": "github"
      }
    },
    "flake-parts_3": {
      "inputs": {
        "nixpkgs-lib": [
          "neovim-nightly-overlay",
          "hercules-ci-effects",
          "nixpkgs"
        ]
      },
      "locked": {
        "lastModified": 1754487366,
        "narHash": "sha256-pHYj8gUBapuUzKV/kN/tR3Zvqc7o6gdFB9XKXIp1SQ8=",
        "owner": "hercules-ci",
        "repo": "flake-parts",
        "rev": "af66ad14b28a127c5c0f3bbb298218fc63528a18",
        "type": "github"
      },
      "original": {
        "id": "flake-parts",
        "type": "indirect"
      }
    },
    "git-hooks": {
      "inputs": {
        "flake-compat": "flake-compat_2",
        "gitignore": "gitignore",
        "nixpkgs": [
          "neovim-nightly-overlay",
          "nixpkgs"
        ]
      },
      "locked": {
        "lastModified": 1758108966,
        "narHash": "sha256-ytw7ROXaWZ7OfwHrQ9xvjpUWeGVm86pwnEd1QhzawIo=",
        "owner": "cachix",
        "repo": "git-hooks.nix",
        "rev": "54df955a695a84cd47d4a43e08e1feaf90b1fd9b",
        "type": "github"
      },
      "original": {
        "owner": "cachix",
        "repo": "git-hooks.nix",
        "type": "github"
      }
    },
    "gitignore": {
      "inputs": {
        "nixpkgs": [
          "neovim-nightly-overlay",
          "git-hooks",
          "nixpkgs"
        ]
      },
      "locked": {
        "lastModified": 1709087332,
        "narHash": "sha256-HG2cCnktfHsKV0s4XW83gU3F57gaTljL9KNSuG6bnQs=",
        "owner": "hercules-ci",
        "repo": "gitignore.nix",
        "rev": "637db329424fd7e46cf4185293b9cc8c88c95394",
        "type": "github"
      },
      "original": {
        "owner": "hercules-ci",
        "repo": "gitignore.nix",
        "type": "github"
      }
    },
    "hercules-ci-effects": {
      "inputs": {
        "flake-parts": "flake-parts_3",
        "nixpkgs": [
          "neovim-nightly-overlay",
          "nixpkgs"
        ]
      },
      "locked": {
        "lastModified": 1758022363,
        "narHash": "sha256-ENUhCRWgSX4ni751HieNuQoq06dJvApV/Nm89kh+/A0=",
        "owner": "hercules-ci",
        "repo": "hercules-ci-effects",
        "rev": "1a3667d33e247ad35ca250698d63f49a5453d824",
        "type": "github"
      },
      "original": {
        "owner": "hercules-ci",
        "repo": "hercules-ci-effects",
        "type": "github"
      }
    },
    "neovim-nightly-overlay": {
      "inputs": {
        "flake-compat": "flake-compat",
        "flake-parts": "flake-parts_2",
        "git-hooks": "git-hooks",
        "hercules-ci-effects": "hercules-ci-effects",
        "neovim-src": "neovim-src",
        "nixpkgs": "nixpkgs_2",
        "treefmt-nix": "treefmt-nix"
      },
      "locked": {
        "lastModified": 1758413131,
        "narHash": "sha256-U/CuBYYUn7Zkzjdjzyu/J9dsMJIMWkgS9zzTX7ucV4s=",
        "owner": "nix-community",
        "repo": "neovim-nightly-overlay",
        "rev": "8ed1dd5718108863216d0a1815f64c53000ca96a",
        "type": "github"
      },
      "original": {
        "owner": "nix-community",
        "repo": "neovim-nightly-overlay",
        "type": "github"
      }
    },
    "neovim-src": {
      "flake": false,
      "locked": {
        "lastModified": 1758411314,
        "narHash": "sha256-q0rJAfI7jWW8wJ48dOOiQyWws9A5hHT6Jh9Lq0Q39Cs=",
        "owner": "neovim",
        "repo": "neovim",
        "rev": "f91d416403e923ba9c89f663a6acca80f5ace4ad",
        "type": "github"
      },
      "original": {
        "owner": "neovim",
        "repo": "neovim",
        "type": "github"
      }
    },
    "nixCats": {
      "locked": {
        "lastModified": 1758435412,
        "narHash": "sha256-jfjSdcT+zvmXRTcua6crPw0NDDds3klXthuSzQVC/ns=",
        "owner": "BirdeeHub",
        "repo": "nixCats-nvim",
        "rev": "ae944a2567baee640eebce55839ff078800bd301",
        "type": "github"
      },
      "original": {
        "owner": "BirdeeHub",
        "repo": "nixCats-nvim",
        "type": "github"
      }
    },
    "nixpkgs": {
      "locked": {
        "lastModified": 1741865919,
        "narHash": "sha256-4thdbnP6dlbdq+qZWTsm4ffAwoS8Tiq1YResB+RP6WE=",
        "owner": "nixos",
        "repo": "nixpkgs",
        "rev": "573c650e8a14b2faa0041645ab18aed7e60f0c9a",
        "type": "github"
      },
      "original": {
        "owner": "nixos",
        "ref": "nixpkgs-unstable",
        "repo": "nixpkgs",
        "type": "github"
      }
    },
    "nixpkgs-lib": {
      "locked": {
        "lastModified": 1740877520,
        "narHash": "sha256-oiwv/ZK/2FhGxrCkQkB83i7GnWXPPLzoqFHpDD3uYpk=",
        "owner": "nix-community",
        "repo": "nixpkgs.lib",
        "rev": "147dee35aab2193b174e4c0868bd80ead5ce755c",
        "type": "github"
      },
      "original": {
        "owner": "nix-community",
        "repo": "nixpkgs.lib",
        "type": "github"
      }
    },
    "nixpkgs_2": {
      "locked": {
        "lastModified": 1758262103,
        "narHash": "sha256-aBGl3XEOsjWw6W3AHiKibN7FeoG73dutQQEqnd/etR8=",
        "owner": "NixOS",
        "repo": "nixpkgs",
        "rev": "12bd230118a1901a4a5d393f9f56b6ad7e571d01",
        "type": "github"
      },
      "original": {
        "owner": "NixOS",
        "ref": "nixpkgs-unstable",
        "repo": "nixpkgs",
        "type": "github"
      }
    },
    "nixpkgs_3": {
      "locked": {
        "lastModified": 1758294315,
        "narHash": "sha256-H+C4c+jKCZpSJHODHFaY6b2ciB3Hv00V5QKA7yUVtis=",
        "owner": "nixos",
        "repo": "nixpkgs",
        "rev": "90ade7da38aa49c2e2693a04a44662a0e61530e9",
        "type": "github"
      },
      "original": {
        "owner": "nixos",
        "ref": "nixpkgs-unstable",
        "repo": "nixpkgs",
        "type": "github"
      }
    },
    "plugins-golf": {
      "flake": false,
      "locked": {
        "lastModified": 1745767873,
        "narHash": "sha256-lCzt+7/uZ/vvWnvWPIqjtS3G3w3qOhI7vHdSQ9bvMKU=",
        "owner": "vuciv",
        "repo": "golf",
        "rev": "abf1bc0c1c4a5482b4a4b36b950b49aaa0f39e69",
        "type": "github"
      },
      "original": {
        "owner": "vuciv",
        "repo": "golf",
        "type": "github"
      }
    },
    "plugins-hlargs": {
      "flake": false,
      "locked": {
        "lastModified": 1750096091,
        "narHash": "sha256-PEYo4tcawKgqATbKw46BIus+D0afP6Q0YSrlJ0WHAA4=",
        "owner": "m-demare",
        "repo": "hlargs.nvim",
        "rev": "ce8d705866dae44513ff48613d5e37e4da524d70",
        "type": "github"
      },
      "original": {
        "owner": "m-demare",
        "repo": "hlargs.nvim",
        "type": "github"
      }
    },
    "plugins-lze": {
      "flake": false,
      "locked": {
        "lastModified": 1758429334,
        "narHash": "sha256-elLGXwPP90xwuc6van/5HlTlxTW2KmLGEnGdY9qCfrw=",
        "owner": "BirdeeHub",
        "repo": "lze",
        "rev": "5041f9c92ec35e7a5178cdc5b1c4634eb7ce8a53",
        "type": "github"
      },
      "original": {
        "owner": "BirdeeHub",
        "repo": "lze",
        "type": "github"
      }
    },
    "plugins-lzextras": {
      "flake": false,
      "locked": {
        "lastModified": 1758429322,
        "narHash": "sha256-umtO7EnHkhR0WjBxM9TvVKFC7APIhCi+KSB3YgX2gJ0=",
        "owner": "BirdeeHub",
        "repo": "lzextras",
        "rev": "68d69a271fc15911e0b4a6b70c3681c96750870f",
        "type": "github"
      },
      "original": {
        "owner": "BirdeeHub",
        "repo": "lzextras",
        "type": "github"
      }
    },
    "plugins-nvim-emmet": {
      "flake": false,
      "locked": {
        "lastModified": 1717158539,
        "narHash": "sha256-LgKASQ1xBL8ugxK1g4R3BLQ3ha05cFtZaSYvd2Hy73c=",
        "owner": "olrtg",
        "repo": "nvim-emmet",
        "rev": "cde4fb2968704aae5c18b7f8a9bc2508767bb78d",
        "type": "github"
      },
      "original": {
        "owner": "olrtg",
        "repo": "nvim-emmet",
        "type": "github"
      }
    },
    "plugins-nvim-lspconfig": {
      "flake": false,
      "locked": {
        "lastModified": 1758317570,
        "narHash": "sha256-m6frPl56qZ59iOUMFPQmutRVN4Nci3y8skKKboxUN5U=",
        "owner": "neovim",
        "repo": "nvim-lspconfig",
        "rev": "107c2458cdc780c4ed2c2b5e1b7800cd019010bd",
        "type": "github"
      },
      "original": {
        "owner": "neovim",
        "repo": "nvim-lspconfig",
        "type": "github"
      }
    },
    "plugins-portal-nvim": {
      "flake": false,
      "locked": {
        "lastModified": 1711985078,
        "narHash": "sha256-QCdyJ5in3Dm4IVlBUtbGWRZxl87gKHhRiGmZcIGEHm0=",
        "owner": "cbochs",
        "repo": "portal.nvim",
        "rev": "77d9d53fec945bfa407d5fd7120f1b4f117450ed",
        "type": "github"
      },
      "original": {
        "owner": "cbochs",
        "repo": "portal.nvim",
        "type": "github"
      }
    },
    "plugins-reactive-nvim": {
      "flake": false,
      "locked": {
        "lastModified": 1736302041,
        "narHash": "sha256-ox26LQIkNNutdh7OUMER2uveFhykgMRxvGoQ0nIRkkk=",
        "owner": "rasulomaroff",
        "repo": "reactive.nvim",
        "rev": "e0a22a42811ca1e7aa7531f931c55619aad68b5d",
        "type": "github"
      },
      "original": {
        "owner": "rasulomaroff",
        "repo": "reactive.nvim",
        "type": "github"
      }
    },
    "root": {
      "inputs": {
        "blink-pairs": "blink-pairs",
        "neovim-nightly-overlay": "neovim-nightly-overlay",
        "nixCats": "nixCats",
        "nixpkgs": "nixpkgs_3",
        "plugins-golf": "plugins-golf",
        "plugins-hlargs": "plugins-hlargs",
        "plugins-lze": "plugins-lze",
        "plugins-lzextras": "plugins-lzextras",
        "plugins-nvim-emmet": "plugins-nvim-emmet",
        "plugins-nvim-lspconfig": "plugins-nvim-lspconfig",
        "plugins-portal-nvim": "plugins-portal-nvim",
        "plugins-reactive-nvim": "plugins-reactive-nvim"
      }
    },
    "rust-analyzer-src": {
      "flake": false,
      "locked": {
        "lastModified": 1742296961,
        "narHash": "sha256-gCpvEQOrugHWLimD1wTFOJHagnSEP6VYBDspq96Idu0=",
        "owner": "rust-lang",
        "repo": "rust-analyzer",
        "rev": "15d87419f1a123d8f888d608129c3ce3ff8f13d4",
        "type": "github"
      },
      "original": {
        "owner": "rust-lang",
        "ref": "nightly",
        "repo": "rust-analyzer",
        "type": "github"
      }
    },
    "treefmt-nix": {
      "inputs": {
        "nixpkgs": [
          "neovim-nightly-overlay",
          "nixpkgs"
        ]
      },
      "locked": {
        "lastModified": 1758206697,
        "narHash": "sha256-/DbPkh6PZOgfueCbs3uzlk4ASU2nPPsiVWhpMCNkAd0=",
        "owner": "numtide",
        "repo": "treefmt-nix",
        "rev": "128222dc911b8e2e18939537bed1762b7f3a04aa",
        "type": "github"
      },
      "original": {
        "owner": "numtide",
        "repo": "treefmt-nix",
        "type": "github"
      }
    }
  },
  "root": "root",
  "version": 7
}
